
Microsoft Visual Studio Solution File, Format Version 12.00
# Visual Studio Version 17
VisualStudioVersion = 17.0.32112.339
MinimumVisualStudioVersion = 10.0.40219.1
Project("{9A19103F-16F7-4668-BE54-9A1E7A4F7556}") = "MarvelCU.API", "MarvelCU.API\MarvelCU.API.csproj", "{0C36BB8F-2533-41B4-8F13-B6A2D2B4DAC7}"
EndProject
Project("{9A19103F-16F7-4668-BE54-9A1E7A4F7556}") = "MarvelCU.Domain", "MarvelCU.Domain\MarvelCU.Domain.csproj", "{A73133BA-8715-4BC9-A894-01E0119B21BE}"
EndProject
Project("{9A19103F-16F7-4668-BE54-9A1E7A4F7556}") = "MarvelCU.Common", "MarvelCU.Common\MarvelCU.Common.csproj", "{E5E8C986-7DFB-45D4-824A-CEAE92238ED2}"
EndProject
Project("{9A19103F-16F7-4668-BE54-9A1E7A4F7556}") = "MarvelCU.Dal", "MarvelCU.Dal\MarvelCU.Dal.csproj", "{B8633264-F2B3-4C43-B037-4BD644E6CD84}"
EndProject
Project("{9A19103F-16F7-4668-BE54-9A1E7A4F7556}") = "MarvelCU.Bll", "MarvelCU.Bll\MarvelCU.Bll.csproj", "{6A9D08C3-4177-400E-94EA-16C7B6B4ACD7}"
EndProject
Project("{54A90642-561A-4BB1-A94E-469ADEE60C69}") = "MarvelCU.ReactUI", "MarvelCU.ReactUI\MarvelCU.ReactUI.esproj", "{423B1596-F848-41A9-8759-E6C84324DEB9}"
EndProject
Global
	GlobalSection(SolutionConfigurationPlatforms) = preSolution
		Debug|Any CPU = Debug|Any CPU
		Release|Any CPU = Release|Any CPU
	EndGlobalSection
	GlobalSection(ProjectConfigurationPlatforms) = postSolution
		{0C36BB8F-2533-41B4-8F13-B6A2D2B4DAC7}.Debug|Any CPU.ActiveCfg = Debug|Any CPU
		{0C36BB8F-2533-41B4-8F13-B6A2D2B4DAC7}.Debug|Any CPU.Build.0 = Debug|Any CPU
		{0C36BB8F-2533-41B4-8F13-B6A2D2B4DAC7}.Release|Any CPU.ActiveCfg = Release|Any CPU
		{0C36BB8F-2533-41B4-8F13-B6A2D2B4DAC7}.Release|Any CPU.Build.0 = Release|Any CPU
		{A73133BA-8715-4BC9-A894-01E0119B21BE}.Debug|Any CPU.ActiveCfg = Debug|Any CPU
		{A73133BA-8715-4BC9-A894-01E0119B21BE}.Debug|Any CPU.Build.0 = Debug|Any CPU
		{A73133BA-8715-4BC9-A894-01E0119B21BE}.Release|Any CPU.ActiveCfg = Release|Any CPU
		{A73133BA-8715-4BC9-A894-01E0119B21BE}.Release|Any CPU.Build.0 = Release|Any CPU
		{E5E8C986-7DFB-45D4-824A-CEAE92238ED2}.Debug|Any CPU.ActiveCfg = Debug|Any CPU
		{E5E8C986-7DFB-45D4-824A-CEAE92238ED2}.Debug|Any CPU.Build.0 = Debug|Any CPU
		{E5E8C986-7DFB-45D4-824A-CEAE92238ED2}.Release|Any CPU.ActiveCfg = Release|Any CPU
		{E5E8C986-7DFB-45D4-824A-CEAE92238ED2}.Release|Any CPU.Build.0 = Release|Any CPU
		{B8633264-F2B3-4C43-B037-4BD644E6CD84}.Debug|Any CPU.ActiveCfg = Debug|Any CPU
		{B8633264-F2B3-4C43-B037-4BD644E6CD84}.Debug|Any CPU.Build.0 = Debug|Any CPU
		{B8633264-F2B3-4C43-B037-4BD644E6CD84}.Release|Any CPU.ActiveCfg = Release|Any CPU
		{B8633264-F2B3-4C43-B037-4BD644E6CD84}.Release|Any CPU.Build.0 = Release|Any CPU
		{6A9D08C3-4177-400E-94EA-16C7B6B4ACD7}.Debug|Any CPU.ActiveCfg = Debug|Any CPU
		{6A9D08C3-4177-400E-94EA-16C7B6B4ACD7}.Debug|Any CPU.Build.0 = Debug|Any CPU
		{6A9D08C3-4177-400E-94EA-16C7B6B4ACD7}.Release|Any CPU.ActiveCfg = Release|Any CPU
		{6A9D08C3-4177-400E-94EA-16C7B6B4ACD7}.Release|Any CPU.Build.0 = Release|Any CPU
		{423B1596-F848-41A9-8759-E6C84324DEB9}.Debug|Any CPU.ActiveCfg = Debug|Any CPU
		{423B1596-F848-41A9-8759-E6C84324DEB9}.Debug|Any CPU.Build.0 = Debug|Any CPU
		{423B1596-F848-41A9-8759-E6C84324DEB9}.Debug|Any CPU.Deploy.0 = Debug|Any CPU
		{423B1596-F848-41A9-8759-E6C84324DEB9}.Release|Any CPU.ActiveCfg = Release|Any CPU
		{423B1596-F848-41A9-8759-E6C84324DEB9}.Release|Any CPU.Build.0 = Release|Any CPU
		{423B1596-F848-41A9-8759-E6C84324DEB9}.Release|Any CPU.Deploy.0 = Release|Any CPU
	EndGlobalSection
	GlobalSection(SolutionProperties) = preSolution
		HideSolutionNode = FALSE
	EndGlobalSection
	GlobalSection(ExtensibilityGlobals) = postSolution
		SolutionGuid = {1B06A12D-1B9F-47D6-9BC0-C861096256EC}
	EndGlobalSection
EndGlobal
